{
  "name": "Library",
  "lockfileVersion": 3,
  "requires": true,
  "packages": {
    "": {
      "dependencies": {
        "boring-avatars": "^1.10.2"
      }
    },
    "node_modules/boring-avatars": {
      "version": "1.10.2",
      "resolved": "https://registry.npmjs.org/boring-avatars/-/boring-avatars-1.10.2.tgz",
      "integrity": "sha512-uQyvmNeW6loz4Yytj7aDo0IhhuByW/YyOHtqwb3kQ/x48hum22hROA2Wn3qzrLR5JsoZ+FHjPO6z6LrXrWjegg=="
    }
  }
}
